// !$*UTF8*$!
{
	archiveVersion = 1;
	classes = {
	};
	objectVersion = 46;
	objects = {

/* Begin PBXBuildFile section */
		48D875861C7DD7A200A4FCCA /* AppDelegate.swift in Sources */ = {isa = PBXBuildFile; fileRef = 48D875851C7DD7A200A4FCCA /* AppDelegate.swift */; };
		48D875881C7DD7A200A4FCCA /* ViewController.swift in Sources */ = {isa = PBXBuildFile; fileRef = 48D875871C7DD7A200A4FCCA /* ViewController.swift */; };
		48D8758B1C7DD7A200A4FCCA /* Main.storyboard in Resources */ = {isa = PBXBuildFile; fileRef = 48D875891C7DD7A200A4FCCA /* Main.storyboard */; };
		48D8758D1C7DD7A200A4FCCA /* Assets.xcassets in Resources */ = {isa = PBXBuildFile; fileRef = 48D8758C1C7DD7A200A4FCCA /* Assets.xcassets */; };
		48D875901C7DD7A200A4FCCA /* LaunchScreen.storyboard in Resources */ = {isa = PBXBuildFile; fileRef = 48D8758E1C7DD7A200A4FCCA /* LaunchScreen.storyboard */; };
		48D8759B1C7DD7A200A4FCCA /* StoryboardDemoTests.swift in Sources */ = {isa = PBXBuildFile; fileRef = 48D8759A1C7DD7A200A4FCCA /* StoryboardDemoTests.swift */; };
		48D875A61C7DDC5F00A4FCCA /* SecondViewController.swift in Sources */ = {isa = PBXBuildFile; fileRef = 48D875A51C7DDC5F00A4FCCA /* SecondViewController.swift */; };
/* End PBXBuildFile section */

/* Begin PBXContainerItemProxy section */
		48D875971C7DD7A200A4FCCA /* PBXContainerItemProxy */ = {
			isa = PBXContainerItemProxy;
			containerPortal = 48D8757A1C7DD7A200A4FCCA /* Project object */;
			proxyType = 1;
			remoteGlobalIDString = 48D875811C7DD7A200A4FCCA;
			remoteInfo = StoryboardDemo;
		};
/* End PBXContainerItemProxy section */

/* Begin PBXFileReference section */
		48D875821C7DD7A200A4FCCA /* StoryboardDemo.app */ = {isa = PBXFileReference; explicitFileType = wrapper.application; includeInIndex = 0; path = StoryboardDemo.app; sourceTree = BUILT_PRODUCTS_DIR; };
		48D875851C7DD7A200A4FCCA /* AppDelegate.swift */ = {isa = PBXFileReference; lastKnownFileType = sourcecode.swift; path = AppDelegate.swift; sourceTree = "<group>"; };
		48D875871C7DD7A200A4FCCA /* ViewController.swift */ = {isa = PBXFileReference; lastKnownFileType = sourcecode.swift; path = ViewController.swift; sourceTree = "<group>"; };
		48D8758A1C7DD7A200A4FCCA /* Base */ = {isa = PBXFileReference; lastKnownFileType = file.storyboard; name = Base; path = Base.lproj/Main.storyboard; sourceTree = "<group>"; };
		48D8758C1C7DD7A200A4FCCA /* Assets.xcassets */ = {isa = PBXFileReference; lastKnownFileType = folder.assetcatalog; path = Assets.xcassets; sourceTree = "<group>"; };
		48D8758F1C7DD7A200A4FCCA /* Base */ = {isa = PBXFileReference; lastKnownFileType = file.storyboard; name = Base; path = Base.lproj/LaunchScreen.storyboard; sourceTree = "<group>"; };
		48D875911C7DD7A200A4FCCA /* Info.plist */ = {isa = PBXFileReference; lastKnownFileType = text.plist.xml; path = Info.plist; sourceTree = "<group>"; };
		48D875961C7DD7A200A4FCCA /* StoryboardDemoTests.xctest */ = {isa = PBXFileReference; explicitFileType = wrapper.cfbundle; includeInIndex = 0; path = StoryboardDemoTests.xctest; sourceTree = BUILT_PRODUCTS_DIR; };
		48D8759A1C7DD7A200A4FCCA /* StoryboardDemoTests.swift */ = {isa = PBXFileReference; lastKnownFileType = sourcecode.swift; path = StoryboardDemoTests.swift; sourceTree = "<group>"; };
		48D8759C1C7DD7A200A4FCCA /* Info.plist */ = {isa = PBXFileReference; lastKnownFileType = text.plist.xml; path = Info.plist; sourceTree = "<group>"; };
		48D875A51C7DDC5F00A4FCCA /* SecondViewController.swift */ = {isa = PBXFileReference; fileEncoding = 4; lastKnownFileType = sourcecode.swift; path = SecondViewController.swift; sourceTree = "<group>"; };
/* End PBXFileReference section */

/* Begin PBXFrameworksBuildPhase section */
		48D8757F1C7DD7A200A4FCCA /* Frameworks */ = {
			isa = PBXFrameworksBuildPhase;
			buildActionMask = 2147483647;
			files = (
			);
			runOnlyForDeploymentPostprocessing = 0;
		};
		48D875931C7DD7A200A4FCCA /* Frameworks */ = {
			isa = PBXFrameworksBuildPhase;
			buildActionMask = 2147483647;
			files = (
			);
			runOnlyForDeploymentPostprocessing = 0;
		};
/* End PBXFrameworksBuildPhase section */

/* Begin PBXGroup section */
		48D875791C7DD7A200A4FCCA = {
			isa = PBXGroup;
			children = (
				48D875841C7DD7A200A4FCCA /* StoryboardDemo */,
				48D875991C7DD7A200A4FCCA /* StoryboardDemoTests */,
				48D875831C7DD7A200A4FCCA /* Products */,
			);
			sourceTree = "<group>";
		};
		48D875831C7DD7A200A4FCCA /* Products */ = {
			isa = PBXGroup;
			children = (
				48D875821C7DD7A200A4FCCA /* StoryboardDemo.app */,
				48D875961C7DD7A200A4FCCA /* StoryboardDemoTests.xctest */,
			);
			name = Products;
			sourceTree = "<group>";
		};
		48D875841C7DD7A200A4FCCA /* StoryboardDemo */ = {
			isa = PBXGroup;
			children = (
				48D875851C7DD7A200A4FCCA /* AppDelegate.swift */,
				48D875871C7DD7A200A4FCCA /* ViewController.swift */,
				48D875A51C7DDC5F00A4FCCA /* SecondViewController.swift */,
				48D875891C7DD7A200A4FCCA /* Main.storyboard */,
				48D8758C1C7DD7A200A4FCCA /* Assets.xcassets */,
				48D8758E1C7DD7A200A4FCCA /* LaunchScreen.storyboard */,
				48D875911C7DD7A200A4FCCA /* Info.plist */,
			);
			path = StoryboardDemo;
			sourceTree = "<group>";
		};
		48D875991C7DD7A200A4FCCA /* StoryboardDemoTests */ = {
			isa = PBXGroup;
			children = (
				48D8759A1C7DD7A200A4FCCA /* StoryboardDemoTests.swift */,
				48D8759C1C7DD7A200A4FCCA /* Info.plist */,
			);
			path = StoryboardDemoTests;
			sourceTree = "<group>";
		};
/* End PBXGroup section */

/* Begin PBXNativeTarget section */
		48D875811C7DD7A200A4FCCA /* StoryboardDemo */ = {
			isa = PBXNativeTarget;
			buildConfigurationList = 48D8759F1C7DD7A200A4FCCA /* Build configuration list for PBXNativeTarget "StoryboardDemo" */;
			buildPhases = (
				48D8757E1C7DD7A200A4FCCA /* Sources */,
				48D8757F1C7DD7A200A4FCCA /* Frameworks */,
				48D875801C7DD7A200A4FCCA /* Resources */,
			);
			buildRules = (
			);
			dependencies = (
			);
			name = StoryboardDemo;
			productName = StoryboardDemo;
			productReference = 48D875821C7DD7A200A4FCCA /* StoryboardDemo.app */;
			productType = "com.apple.product-type.application";
		};
		48D875951C7DD7A200A4FCCA /* StoryboardDemoTests */ = {
			isa = PBXNativeTarget;
			buildConfigurationList = 48D875A21C7DD7A200A4FCCA /* Build configuration list for PBXNativeTarget "StoryboardDemoTests" */;
			buildPhases = (
				48D875921C7DD7A200A4FCCA /* Sources */,
				48D875931C7DD7A200A4FCCA /* Frameworks */,
				48D875941C7DD7A200A4FCCA /* Resources */,
			);
			buildRules = (
			);
			dependencies = (
				48D875981C7DD7A200A4FCCA /* PBXTargetDependency */,
			);
			name = StoryboardDemoTests;
			productName = StoryboardDemoTests;
			productReference = 48D875961C7DD7A200A4FCCA /* StoryboardDemoTests.xctest */;
			productType = "com.apple.product-type.bundle.unit-test";
		};
/* End PBXNativeTarget section */

/* Begin PBXProject section */
		48D8757A1C7DD7A200A4FCCA /* Project object */ = {
			isa = PBXProject;
			attributes = {
				LastSwiftUpdateCheck = 0720;
				LastUpgradeCheck = 1120;
				ORGANIZATIONNAME = "Ravi Shankar";
				TargetAttributes = {
					48D875811C7DD7A200A4FCCA = {
						CreatedOnToolsVersion = 7.2.1;
					};
					48D875951C7DD7A200A4FCCA = {
						CreatedOnToolsVersion = 7.2.1;
						TestTargetID = 48D875811C7DD7A200A4FCCA;
					};
				};
			};
			buildConfigurationList = 48D8757D1C7DD7A200A4FCCA /* Build configuration list for PBXProject "StoryboardDemo" */;
			compatibilityVersion = "Xcode 3.2";
			developmentRegion = en;
			hasScannedForEncodings = 0;
			knownRegions = (
				en,
				Base,
			);
			mainGroup = 48D875791C7DD7A200A4FCCA;
			productRefGroup = 48D875831C7DD7A200A4FCCA /* Products */;
			projectDirPath = "";
			projectRoot = "";
			targets = (
				48D875811C7DD7A200A4FCCA /* StoryboardDemo */,
				48D875951C7DD7A200A4FCCA /* StoryboardDemoTests */,
			);
		};
/* End PBXProject section */

/* Begin PBXResourcesBuildPhase section */
		48D875801C7DD7A200A4FCCA /* Resources */ = {
			isa = PBXResourcesBuildPhase;
			buildActionMask = 2147483647;
			files = (
				48D875901C7DD7A200A4FCCA /* LaunchScreen.storyboard in Resources */,
				48D8758D1C7DD7A200A4FCCA /* Assets.xcassets in Resources */,
				48D8758B1C7DD7A200A4FCCA /* Main.storyboard in Resources */,
			);
			runOnlyForDeploymentPostprocessing = 0;
		};
		48D875941C7DD7A200A4FCCA /* Resources */ = {
			isa = PBXResourcesBuildPhase;
			buildActionMask = 2147483647;
			files = (
			);
			runOnlyForDeploymentPostprocessing = 0;
		};
/* End PBXResourcesBuildPhase section */

/* Begin PBXSourcesBuildPhase section */
		48D8757E1C7DD7A200A4FCCA /* Sources */ = {
			isa = PBXSourcesBuildPhase;
			buildActionMask = 2147483647;
			files = (
				48D875A61C7DDC5F00A4FCCA /* SecondViewController.swift in Sources */,
				48D875881C7DD7A200A4FCCA /* ViewController.swift in Sources */,
				48D875861C7DD7A200A4FCCA /* AppDelegate.swift in Sources */,
			);
			runOnlyForDeploymentPostprocessing = 0;
		};
		48D875921C7DD7A200A4FCCA /* Sources */ = {
			isa = PBXSourcesBuildPhase;
			buildActionMask = 2147483647;
			files = (
				48D8759B1C7DD7A200A4FCCA /* StoryboardDemoTests.swift in Sources */,
			);
			runOnlyForDeploymentPostprocessing = 0;
		};
/* End PBXSourcesBuildPhase section */

/* Begin PBXTargetDependency section */
		48D875981C7DD7A200A4FCCA /* PBXTargetDependency */ = {
			isa = PBXTargetDependency;
			target = 48D875811C7DD7A200A4FCCA /* StoryboardDemo */;
			targetProxy = 48D875971C7DD7A200A4FCCA /* PBXContainerItemProxy */;
		};
/* End PBXTargetDependency section */

/* Begin PBXVariantGroup section */
		48D875891C7DD7A200A4FCCA /* Main.storyboard */ = {
			isa = PBXVariantGroup;
			children = (
				48D8758A1C7DD7A200A4FCCA /* Base */,
			);
			name = Main.storyboard;
			sourceTree = "<group>";
		};
		48D8758E1C7DD7A200A4FCCA /* LaunchScreen.storyboard */ = {
			isa = PBXVariantGroup;
			children = (
				48D8758F1C7DD7A200A4FCCA /* Base */,
			);
			name = LaunchScreen.storyboard;
			sourceTree = "<group>";
		};
/* End PBXVariantGroup section */

/* Begin XCBuildConfiguration section */
		48D8759D1C7DD7A200A4FCCA /* Debug */ = {
			isa = XCBuildConfiguration;
			buildSettings = {
				ALWAYS_SEARCH_USER_PATHS = NO;
				CLANG_CXX_LANGUAGE_STANDARD = "gnu++0x";
				CLANG_CXX_LIBRARY = "libc++";
				CLANG_ENABLE_MODULES = YES;
				CLANG_ENABLE_OBJC_ARC = YES;
				CLANG_WARN_BLOCK_CAPTURE_AUTORELEASING = YES;
				CLANG_WARN_BOOL_CONVERSION = YES;
				CLANG_WARN_COMMA = YES;
				CLANG_WARN_CONSTANT_CONVERSION = YES;
				CLANG_WARN_DEPRECATED_OBJC_IMPLEMENTATIONS = YES;
				CLANG_WARN_DIRECT_OBJC_ISA_USAGE = YES_ERROR;
				CLANG_WARN_EMPTY_BODY = YES;
				CLANG_WARN_ENUM_CONVERSION = YES;
				CLANG_WARN_INFINITE_RECURSION = YES;
				CLANG_WARN_INT_CONVERSION = YES;
				CLANG_WARN_NON_LITERAL_NULL_CONVERSION = YES;
				CLANG_WARN_OBJC_IMPLICIT_RETAIN_SELF = YES;
				CLANG_WARN_OBJC_LITERAL_CONVERSION = YES;
				CLANG_WARN_OBJC_ROOT_CLASS = YES_ERROR;
				CLANG_WARN_RANGE_LOOP_ANALYSIS = YES;
				CLANG_WARN_STRICT_PROTOTYPES = YES;
				CLANG_WARN_SUSPICIOUS_MOVE = YES;
				CLANG_WARN_UNREACHABLE_CODE = YES;
				CLANG_WARN__DUPLICATE_METHOD_MATCH = YES;
				"CODE_SIGN_IDENTITY[sdk=iphoneos*]" = "iPhone Developer";
				COPY_PHASE_STRIP = NO;
				DEBUG_INFORMATION_FORMAT = dwarf;
				ENABLE_STRICT_OBJC_MSGSEND = YES;
				ENABLE_TESTABILITY = YES;
				GCC_C_LANGUAGE_STANDARD = gnu99;
				GCC_DYNAMIC_NO_PIC = NO;
				GCC_NO_COMMON_BLOCKS = YES;
				GCC_OPTIMIZATION_LEVEL = 0;
				GCC_PREPROCESSOR_DEFINITIONS = (
					"DEBUG=1",
					"$(inherited)",
				);
				GCC_WARN_64_TO_32_BIT_CONVERSION = YES;
				GCC_WARN_ABOUT_RETURN_TYPE = YES_ERROR;
				GCC_WARN_UNDECLARED_SELECTOR = YES;
				GCC_WARN_UNINITIALIZED_AUTOS = YES_AGGRESSIVE;
				GCC_WARN_UNUSED_FUNCTION = YES;
				GCC_WARN_UNUSED_VARIABLE = YES;
				IPHONEOS_DEPLOYMENT_TARGET = 9.2;
				MTL_ENABLE_DEBUG_INFO = YES;
				ONLY_ACTIVE_ARCH = YES;
				SDKROOT = iphoneos;
				SWIFT_OPTIMIZATION_LEVEL = "-Onone";
			};
			name = Debug;
		};
		48D8759E1C7DD7A200A4FCCA /* Release */ = {
			isa = XCBuildConfiguration;
			buildSettings = {
				ALWAYS_SEARCH_USER_PATHS = NO;
				CLANG_CXX_LANGUAGE_STANDARD = "gnu++0x";
				CLANG_CXX_LIBRARY = "libc++";
				CLANG_ENABLE_MODULES = YES;
				CLANG_ENABLE_OBJC_ARC = YES;
				CLANG_WARN_BLOCK_CAPTURE_AUTORELEASING = YES;
				CLANG_WARN_BOOL_CONVERSION = YES;
				CLANG_WARN_COMMA = YES;
				CLANG_WARN_CONSTANT_CONVERSION = YES;
				CLANG_WARN_DEPRECATED_OBJC_IMPLEMENTATIONS = YES;
				CLANG_WARN_DIRECT_OBJC_ISA_USAGE = YES_ERROR;
				CLANG_WARN_EMPTY_BODY = YES;
				CLANG_WARN_ENUM_CONVERSION = YES;
				CLANG_WARN_INFINITE_RECURSION = YES;
				CLANG_WARN_INT_CONVERSION = YES;
				CLANG_WARN_NON_LITERAL_NULL_CONVERSION = YES;
				CLANG_WARN_OBJC_IMPLICIT_RETAIN_SELF = YES;
				CLANG_WARN_OBJC_LITERAL_CONVERSION = YES;
				CLANG_WARN_OBJC_ROOT_CLASS = YES_ERROR;
				CLANG_WARN_RANGE_LOOP_ANALYSIS = YES;
				CLANG_WARN_STRICT_PROTOTYPES = YES;
				CLANG_WARN_SUSPICIOUS_MOVE = YES;
				CLANG_WARN_UNREACHABLE_CODE = YES;
				CLANG_WARN__DUPLICATE_METHOD_MATCH = YES;
				"CODE_SIGN_IDENTITY[sdk=iphoneos*]" = "iPhone Developer";
				COPY_PHASE_STRIP = NO;
				DEBUG_INFORMATION_FORMAT = "dwarf-with-dsym";
				ENABLE_NS_ASSERTIONS = NO;
				ENABLE_STRICT_OBJC_MSGSEND = YES;
				GCC_C_LANGUAGE_STANDARD = gnu99;
				GCC_NO_COMMON_BLOCKS = YES;
				GCC_WARN_64_TO_32_BIT_CONVERSION = YES;
				GCC_WARN_ABOUT_RETURN_TYPE = YES_ERROR;
				GCC_WARN_UNDECLARED_SELECTOR = YES;
				GCC_WARN_UNINITIALIZED_AUTOS = YES_AGGRESSIVE;
				GCC_WARN_UNUSED_FUNCTION = YES;
				GCC_WARN_UNUSED_VARIABLE = YES;
				IPHONEOS_DEPLOYMENT_TARGET = 9.2;
				MTL_ENABLE_DEBUG_INFO = NO;
				SDKROOT = iphoneos;
				SWIFT_COMPILATION_MODE = wholemodule;
				VALIDATE_PRODUCT = YES;
			};
			name = Release;
		};
		48D875A01C7DD7A200A4FCCA /* Debug */ = {
			isa = XCBuildConfiguration;
			buildSettings = {
				ASSETCATALOG_COMPILER_APPICON_NAME = AppIcon;
				INFOPLIST_FILE = StoryboardDemo/Info.plist;
				LD_RUNPATH_SEARCH_PATHS = "$(inherited) @executable_path/Frameworks";
				PRODUCT_BUNDLE_IDENTIFIER = com.rshankar.StoryboardDemo;
				PRODUCT_NAME = "$(TARGET_NAME)";
				SWIFT_VERSION = 5.0;
			};
			name = Debug;
		};
		48D875A11C7DD7A200A4FCCA /* Release */ = {
			isa = XCBuildConfiguration;
			buildSettings = {
				ASSETCATALOG_COMPILER_APPICON_NAME = AppIcon;
				INFOPLIST_FILE = StoryboardDemo/Info.plist;
				LD_RUNPATH_SEARCH_PATHS = "$(inherited) @executable_path/Frameworks";
				PRODUCT_BUNDLE_IDENTIFIER = com.rshankar.StoryboardDemo;
				PRODUCT_NAME = "$(TARGET_NAME)";
				SWIFT_VERSION = 5.0;
			};
			name = Release;
		};
		48D875A31C7DD7A200A4FCCA /* Debug */ = {
			isa = XCBuildConfiguration;
			buildSettings = {
				BUNDLE_LOADER = "$(TEST_HOST)";
				INFOPLIST_FILE = StoryboardDemoTests/Info.plist;
				LD_RUNPATH_SEARCH_PATHS = "$(inherited) @executable_path/Frameworks @loader_path/Frameworks";
				PRODUCT_BUNDLE_IDENTIFIER = com.rshankar.StoryboardDemoTests;
				PRODUCT_NAME = "$(TARGET_NAME)";
				TEST_HOST = "$(BUILT_PRODUCTS_DIR)/StoryboardDemo.app/StoryboardDemo";
			};
			name = Debug;
		};
		48D875A41C7DD7A200A4FCCA /* Release */ = {
			isa = XCBuildConfiguration;
			buildSettings = {
				BUNDLE_LOADER = "$(TEST_HOST)";
				INFOPLIST_FILE = StoryboardDemoTests/Info.plist;
				LD_RUNPATH_SEARCH_PATHS = "$(inherited) @executable_path/Frameworks @loader_path/Frameworks";
				PRODUCT_BUNDLE_IDENTIFIER = com.rshankar.StoryboardDemoTests;
				PRODUCT_NAME = "$(TARGET_NAME)";
				TEST_HOST = "$(BUILT_PRODUCTS_DIR)/StoryboardDemo.app/StoryboardDemo";
			};
			name = Release;
		};
/* End XCBuildConfiguration section */

/* Begin XCConfigurationList section */
		48D8757D1C7DD7A200A4FCCA /* Build configuration list for PBXProject "StoryboardDemo" */ = {
			isa = XCConfigurationList;
			buildConfigurations = (
				48D8759D1C7DD7A200A4FCCA /* Debug */,
				48D8759E1C7DD7A200A4FCCA /* Release */,
			);
			defaultConfigurationIsVisible = 0;
			defaultConfigurationName = Release;
		};
		48D8759F1C7DD7A200A4FCCA /* Build configuration list for PBXNativeTarget "StoryboardDemo" */ = {
			isa = XCConfigurationList;
			buildConfigurations = (
				48D875A01C7DD7A200A4FCCA /* Debug */,
				48D875A11C7DD7A200A4FCCA /* Release */,
			);
			defaultConfigurationIsVisible = 0;
			defaultConfigurationName = Release;
		};
		48D875A21C7DD7A200A4FCCA /* Build configuration list for PBXNativeTarget "StoryboardDemoTests" */ = {
			isa = XCConfigurationList;
			buildConfigurations = (
				48D875A31C7DD7A200A4FCCA /* Debug */,
				48D875A41C7DD7A200A4FCCA /* Release */,
			);
			defaultConfigurationIsVisible = 0;
			defaultConfigurationName = Release;
		};
/* End XCConfigurationList section */
	};
	rootObject = 48D8757A1C7DD7A200A4FCCA /* Project object */;
}
