// !$*UTF8*$!
{
	archiveVersion = 1;
	classes = {
	};
	objectVersion = 50;
	objects = {

/* Begin PBXBuildFile section */
		483D19AE244076ED0003D080 /* AppDelegate.swift in Sources */ = {isa = PBXBuildFile; fileRef = 483D19AD244076ED0003D080 /* AppDelegate.swift */; };
		483D19B0244076ED0003D080 /* SceneDelegate.swift in Sources */ = {isa = PBXBuildFile; fileRef = 483D19AF244076ED0003D080 /* SceneDelegate.swift */; };
		483D19B2244076ED0003D080 /* ViewController.swift in Sources */ = {isa = PBXBuildFile; fileRef = 483D19B1244076ED0003D080 /* ViewController.swift */; };
		483D19B5244076ED0003D080 /* Main.storyboard in Resources */ = {isa = PBXBuildFile; fileRef = 483D19B3244076ED0003D080 /* Main.storyboard */; };
		483D19B7244076F00003D080 /* Assets.xcassets in Resources */ = {isa = PBXBuildFile; fileRef = 483D19B6244076F00003D080 /* Assets.xcassets */; };
		483D19BA244076F00003D080 /* LaunchScreen.storyboard in Resources */ = {isa = PBXBuildFile; fileRef = 483D19B8244076F00003D080 /* LaunchScreen.storyboard */; };
		483D19C2244079C30003D080 /* TheWakingLights.pdf in Resources */ = {isa = PBXBuildFile; fileRef = 483D19C1244079C30003D080 /* TheWakingLights.pdf */; };
/* End PBXBuildFile section */

/* Begin PBXFileReference section */
		483D19AA244076ED0003D080 /* PDFDemo.app */ = {isa = PBXFileReference; explicitFileType = wrapper.application; includeInIndex = 0; path = PDFDemo.app; sourceTree = BUILT_PRODUCTS_DIR; };
		483D19AD244076ED0003D080 /* AppDelegate.swift */ = {isa = PBXFileReference; lastKnownFileType = sourcecode.swift; path = AppDelegate.swift; sourceTree = "<group>"; };
		483D19AF244076ED0003D080 /* SceneDelegate.swift */ = {isa = PBXFileReference; lastKnownFileType = sourcecode.swift; path = SceneDelegate.swift; sourceTree = "<group>"; };
		483D19B1244076ED0003D080 /* ViewController.swift */ = {isa = PBXFileReference; lastKnownFileType = sourcecode.swift; path = ViewController.swift; sourceTree = "<group>"; };
		483D19B4244076ED0003D080 /* Base */ = {isa = PBXFileReference; lastKnownFileType = file.storyboard; name = Base; path = Base.lproj/Main.storyboard; sourceTree = "<group>"; };
		483D19B6244076F00003D080 /* Assets.xcassets */ = {isa = PBXFileReference; lastKnownFileType = folder.assetcatalog; path = Assets.xcassets; sourceTree = "<group>"; };
		483D19B9244076F00003D080 /* Base */ = {isa = PBXFileReference; lastKnownFileType = file.storyboard; name = Base; path = Base.lproj/LaunchScreen.storyboard; sourceTree = "<group>"; };
		483D19BB244076F00003D080 /* Info.plist */ = {isa = PBXFileReference; lastKnownFileType = text.plist.xml; path = Info.plist; sourceTree = "<group>"; };
		483D19C1244079C30003D080 /* TheWakingLights.pdf */ = {isa = PBXFileReference; lastKnownFileType = image.pdf; path = TheWakingLights.pdf; sourceTree = "<group>"; };
/* End PBXFileReference section */

/* Begin PBXFrameworksBuildPhase section */
		483D19A7244076ED0003D080 /* Frameworks */ = {
			isa = PBXFrameworksBuildPhase;
			buildActionMask = 2147483647;
			files = (
			);
			runOnlyForDeploymentPostprocessing = 0;
		};
/* End PBXFrameworksBuildPhase section */

/* Begin PBXGroup section */
		483D19A1244076ED0003D080 = {
			isa = PBXGroup;
			children = (
				483D19AC244076ED0003D080 /* PDFDemo */,
				483D19AB244076ED0003D080 /* Products */,
			);
			sourceTree = "<group>";
		};
		483D19AB244076ED0003D080 /* Products */ = {
			isa = PBXGroup;
			children = (
				483D19AA244076ED0003D080 /* PDFDemo.app */,
			);
			name = Products;
			sourceTree = "<group>";
		};
		483D19AC244076ED0003D080 /* PDFDemo */ = {
			isa = PBXGroup;
			children = (
				483D19AD244076ED0003D080 /* AppDelegate.swift */,
				483D19AF244076ED0003D080 /* SceneDelegate.swift */,
				483D19B1244076ED0003D080 /* ViewController.swift */,
				483D19B3244076ED0003D080 /* Main.storyboard */,
				483D19B6244076F00003D080 /* Assets.xcassets */,
				483D19B8244076F00003D080 /* LaunchScreen.storyboard */,
				483D19BB244076F00003D080 /* Info.plist */,
				483D19C1244079C30003D080 /* TheWakingLights.pdf */,
			);
			path = PDFDemo;
			sourceTree = "<group>";
		};
/* End PBXGroup section */

/* Begin PBXNativeTarget section */
		483D19A9244076ED0003D080 /* PDFDemo */ = {
			isa = PBXNativeTarget;
			buildConfigurationList = 483D19BE244076F00003D080 /* Build configuration list for PBXNativeTarget "PDFDemo" */;
			buildPhases = (
				483D19A6244076ED0003D080 /* Sources */,
				483D19A7244076ED0003D080 /* Frameworks */,
				483D19A8244076ED0003D080 /* Resources */,
			);
			buildRules = (
			);
			dependencies = (
			);
			name = PDFDemo;
			productName = PDFDemo;
			productReference = 483D19AA244076ED0003D080 /* PDFDemo.app */;
			productType = "com.apple.product-type.application";
		};
/* End PBXNativeTarget section */

/* Begin PBXProject section */
		483D19A2244076ED0003D080 /* Project object */ = {
			isa = PBXProject;
			attributes = {
				LastSwiftUpdateCheck = 1140;
				LastUpgradeCheck = 1140;
				ORGANIZATIONNAME = "Ravi Shankar";
				TargetAttributes = {
					483D19A9244076ED0003D080 = {
						CreatedOnToolsVersion = 11.4;
					};
				};
			};
			buildConfigurationList = 483D19A5244076ED0003D080 /* Build configuration list for PBXProject "PDFDemo" */;
			compatibilityVersion = "Xcode 9.3";
			developmentRegion = en;
			hasScannedForEncodings = 0;
			knownRegions = (
				en,
				Base,
			);
			mainGroup = 483D19A1244076ED0003D080;
			productRefGroup = 483D19AB244076ED0003D080 /* Products */;
			projectDirPath = "";
			projectRoot = "";
			targets = (
				483D19A9244076ED0003D080 /* PDFDemo */,
			);
		};
/* End PBXProject section */

/* Begin PBXResourcesBuildPhase section */
		483D19A8244076ED0003D080 /* Resources */ = {
			isa = PBXResourcesBuildPhase;
			buildActionMask = 2147483647;
			files = (
				483D19C2244079C30003D080 /* TheWakingLights.pdf in Resources */,
				483D19BA244076F00003D080 /* LaunchScreen.storyboard in Resources */,
				483D19B7244076F00003D080 /* Assets.xcassets in Resources */,
				483D19B5244076ED0003D080 /* Main.storyboard in Resources */,
			);
			runOnlyForDeploymentPostprocessing = 0;
		};
/* End PBXResourcesBuildPhase section */

/* Begin PBXSourcesBuildPhase section */
		483D19A6244076ED0003D080 /* Sources */ = {
			isa = PBXSourcesBuildPhase;
			buildActionMask = 2147483647;
			files = (
				483D19B2244076ED0003D080 /* ViewController.swift in Sources */,
				483D19AE244076ED0003D080 /* AppDelegate.swift in Sources */,
				483D19B0244076ED0003D080 /* SceneDelegate.swift in Sources */,
			);
			runOnlyForDeploymentPostprocessing = 0;
		};
/* End PBXSourcesBuildPhase section */

/* Begin PBXVariantGroup section */
		483D19B3244076ED0003D080 /* Main.storyboard */ = {
			isa = PBXVariantGroup;
			children = (
				483D19B4244076ED0003D080 /* Base */,
			);
			name = Main.storyboard;
			sourceTree = "<group>";
		};
		483D19B8244076F00003D080 /* LaunchScreen.storyboard */ = {
			isa = PBXVariantGroup;
			children = (
				483D19B9244076F00003D080 /* Base */,
			);
			name = LaunchScreen.storyboard;
			sourceTree = "<group>";
		};
/* End PBXVariantGroup section */

/* Begin XCBuildConfiguration section */
		483D19BC244076F00003D080 /* Debug */ = {
			isa = XCBuildConfiguration;
			buildSettings = {
				ALWAYS_SEARCH_USER_PATHS = NO;
				CLANG_ANALYZER_NONNULL = YES;
				CLANG_ANALYZER_NUMBER_OBJECT_CONVERSION = YES_AGGRESSIVE;
				CLANG_CXX_LANGUAGE_STANDARD = "gnu++14";
				CLANG_CXX_LIBRARY = "libc++";
				CLANG_ENABLE_MODULES = YES;
				CLANG_ENABLE_OBJC_ARC = YES;
				CLANG_ENABLE_OBJC_WEAK = YES;
				CLANG_WARN_BLOCK_CAPTURE_AUTORELEASING = YES;
				CLANG_WARN_BOOL_CONVERSION = YES;
				CLANG_WARN_COMMA = YES;
				CLANG_WARN_CONSTANT_CONVERSION = YES;
				CLANG_WARN_DEPRECATED_OBJC_IMPLEMENTATIONS = YES;
				CLANG_WARN_DIRECT_OBJC_ISA_USAGE = YES_ERROR;
				CLANG_WARN_DOCUMENTATION_COMMENTS = YES;
				CLANG_WARN_EMPTY_BODY = YES;
				CLANG_WARN_ENUM_CONVERSION = YES;
				CLANG_WARN_INFINITE_RECURSION = YES;
				CLANG_WARN_INT_CONVERSION = YES;
				CLANG_WARN_NON_LITERAL_NULL_CONVERSION = YES;
				CLANG_WARN_OBJC_IMPLICIT_RETAIN_SELF = YES;
				CLANG_WARN_OBJC_LITERAL_CONVERSION = YES;
				CLANG_WARN_OBJC_ROOT_CLASS = YES_ERROR;
				CLANG_WARN_RANGE_LOOP_ANALYSIS = YES;
				CLANG_WARN_STRICT_PROTOTYPES = YES;
				CLANG_WARN_SUSPICIOUS_MOVE = YES;
				CLANG_WARN_UNGUARDED_AVAILABILITY = YES_AGGRESSIVE;
				CLANG_WARN_UNREACHABLE_CODE = YES;
				CLANG_WARN__DUPLICATE_METHOD_MATCH = YES;
				COPY_PHASE_STRIP = NO;
				DEBUG_INFORMATION_FORMAT = dwarf;
				ENABLE_STRICT_OBJC_MSGSEND = YES;
				ENABLE_TESTABILITY = YES;
				GCC_C_LANGUAGE_STANDARD = gnu11;
				GCC_DYNAMIC_NO_PIC = NO;
				GCC_NO_COMMON_BLOCKS = YES;
				GCC_OPTIMIZATION_LEVEL = 0;
				GCC_PREPROCESSOR_DEFINITIONS = (
					"DEBUG=1",
					"$(inherited)",
				);
				GCC_WARN_64_TO_32_BIT_CONVERSION = YES;
				GCC_WARN_ABOUT_RETURN_TYPE = YES_ERROR;
				GCC_WARN_UNDECLARED_SELECTOR = YES;
				GCC_WARN_UNINITIALIZED_AUTOS = YES_AGGRESSIVE;
				GCC_WARN_UNUSED_FUNCTION = YES;
				GCC_WARN_UNUSED_VARIABLE = YES;
				IPHONEOS_DEPLOYMENT_TARGET = 13.4;
				MTL_ENABLE_DEBUG_INFO = INCLUDE_SOURCE;
				MTL_FAST_MATH = YES;
				ONLY_ACTIVE_ARCH = YES;
				SDKROOT = iphoneos;
				SWIFT_ACTIVE_COMPILATION_CONDITIONS = DEBUG;
				SWIFT_OPTIMIZATION_LEVEL = "-Onone";
			};
			name = Debug;
		};
		483D19BD244076F00003D080 /* Release */ = {
			isa = XCBuildConfiguration;
			buildSettings = {
				ALWAYS_SEARCH_USER_PATHS = NO;
				CLANG_ANALYZER_NONNULL = YES;
				CLANG_ANALYZER_NUMBER_OBJECT_CONVERSION = YES_AGGRESSIVE;
				CLANG_CXX_LANGUAGE_STANDARD = "gnu++14";
				CLANG_CXX_LIBRARY = "libc++";
				CLANG_ENABLE_MODULES = YES;
				CLANG_ENABLE_OBJC_ARC = YES;
				CLANG_ENABLE_OBJC_WEAK = YES;
				CLANG_WARN_BLOCK_CAPTURE_AUTORELEASING = YES;
				CLANG_WARN_BOOL_CONVERSION = YES;
				CLANG_WARN_COMMA = YES;
				CLANG_WARN_CONSTANT_CONVERSION = YES;
				CLANG_WARN_DEPRECATED_OBJC_IMPLEMENTATIONS = YES;
				CLANG_WARN_DIRECT_OBJC_ISA_USAGE = YES_ERROR;
				CLANG_WARN_DOCUMENTATION_COMMENTS = YES;
				CLANG_WARN_EMPTY_BODY = YES;
				CLANG_WARN_ENUM_CONVERSION = YES;
				CLANG_WARN_INFINITE_RECURSION = YES;
				CLANG_WARN_INT_CONVERSION = YES;
				CLANG_WARN_NON_LITERAL_NULL_CONVERSION = YES;
				CLANG_WARN_OBJC_IMPLICIT_RETAIN_SELF = YES;
				CLANG_WARN_OBJC_LITERAL_CONVERSION = YES;
				CLANG_WARN_OBJC_ROOT_CLASS = YES_ERROR;
				CLANG_WARN_RANGE_LOOP_ANALYSIS = YES;
				CLANG_WARN_STRICT_PROTOTYPES = YES;
				CLANG_WARN_SUSPICIOUS_MOVE = YES;
				CLANG_WARN_UNGUARDED_AVAILABILITY = YES_AGGRESSIVE;
				CLANG_WARN_UNREACHABLE_CODE = YES;
				CLANG_WARN__DUPLICATE_METHOD_MATCH = YES;
				COPY_PHASE_STRIP = NO;
				DEBUG_INFORMATION_FORMAT = "dwarf-with-dsym";
				ENABLE_NS_ASSERTIONS = NO;
				ENABLE_STRICT_OBJC_MSGSEND = YES;
				GCC_C_LANGUAGE_STANDARD = gnu11;
				GCC_NO_COMMON_BLOCKS = YES;
				GCC_WARN_64_TO_32_BIT_CONVERSION = YES;
				GCC_WARN_ABOUT_RETURN_TYPE = YES_ERROR;
				GCC_WARN_UNDECLARED_SELECTOR = YES;
				GCC_WARN_UNINITIALIZED_AUTOS = YES_AGGRESSIVE;
				GCC_WARN_UNUSED_FUNCTION = YES;
				GCC_WARN_UNUSED_VARIABLE = YES;
				IPHONEOS_DEPLOYMENT_TARGET = 13.4;
				MTL_ENABLE_DEBUG_INFO = NO;
				MTL_FAST_MATH = YES;
				SDKROOT = iphoneos;
				SWIFT_COMPILATION_MODE = wholemodule;
				SWIFT_OPTIMIZATION_LEVEL = "-O";
				VALIDATE_PRODUCT = YES;
			};
			name = Release;
		};
		483D19BF244076F00003D080 /* Debug */ = {
			isa = XCBuildConfiguration;
			buildSettings = {
				ASSETCATALOG_COMPILER_APPICON_NAME = AppIcon;
				CODE_SIGN_STYLE = Automatic;
				DEVELOPMENT_TEAM = 8LEAJKRS3U;
				INFOPLIST_FILE = PDFDemo/Info.plist;
				LD_RUNPATH_SEARCH_PATHS = (
					"$(inherited)",
					"@executable_path/Frameworks",
				);
				PRODUCT_BUNDLE_IDENTIFIER = com.rshankar.PDFDemo;
				PRODUCT_NAME = "$(TARGET_NAME)";
				SWIFT_VERSION = 5.0;
				TARGETED_DEVICE_FAMILY = "1,2";
			};
			name = Debug;
		};
		483D19C0244076F00003D080 /* Release */ = {
			isa = XCBuildConfiguration;
			buildSettings = {
				ASSETCATALOG_COMPILER_APPICON_NAME = AppIcon;
				CODE_SIGN_STYLE = Automatic;
				DEVELOPMENT_TEAM = 8LEAJKRS3U;
				INFOPLIST_FILE = PDFDemo/Info.plist;
				LD_RUNPATH_SEARCH_PATHS = (
					"$(inherited)",
					"@executable_path/Frameworks",
				);
				PRODUCT_BUNDLE_IDENTIFIER = com.rshankar.PDFDemo;
				PRODUCT_NAME = "$(TARGET_NAME)";
				SWIFT_VERSION = 5.0;
				TARGETED_DEVICE_FAMILY = "1,2";
			};
			name = Release;
		};
/* End XCBuildConfiguration section */

/* Begin XCConfigurationList section */
		483D19A5244076ED0003D080 /* Build configuration list for PBXProject "PDFDemo" */ = {
			isa = XCConfigurationList;
			buildConfigurations = (
				483D19BC244076F00003D080 /* Debug */,
				483D19BD244076F00003D080 /* Release */,
			);
			defaultConfigurationIsVisible = 0;
			defaultConfigurationName = Release;
		};
		483D19BE244076F00003D080 /* Build configuration list for PBXNativeTarget "PDFDemo" */ = {
			isa = XCConfigurationList;
			buildConfigurations = (
				483D19BF244076F00003D080 /* Debug */,
				483D19C0244076F00003D080 /* Release */,
			);
			defaultConfigurationIsVisible = 0;
			defaultConfigurationName = Release;
		};
/* End XCConfigurationList section */
	};
	rootObject = 483D19A2244076ED0003D080 /* Project object */;
}
