// !$*UTF8*$!
{
	archiveVersion = 1;
	classes = {
	};
	objectVersion = 46;
	objects = {

/* Begin PBXBuildFile section */
		48D26E561982771700FA2345 /* AppDelegate.swift in Sources */ = {isa = PBXBuildFile; fileRef = 48D26E551982771700FA2345 /* AppDelegate.swift */; };
		48D26E581982771700FA2345 /* ViewController.swift in Sources */ = {isa = PBXBuildFile; fileRef = 48D26E571982771700FA2345 /* ViewController.swift */; };
		48D26E5B1982771700FA2345 /* Main.storyboard in Resources */ = {isa = PBXBuildFile; fileRef = 48D26E591982771700FA2345 /* Main.storyboard */; };
		48D26E5D1982771700FA2345 /* Images.xcassets in Resources */ = {isa = PBXBuildFile; fileRef = 48D26E5C1982771700FA2345 /* Images.xcassets */; };
		48D26E691982771700FA2345 /* WhemAmITests.swift in Sources */ = {isa = PBXBuildFile; fileRef = 48D26E681982771700FA2345 /* WhemAmITests.swift */; };
		48D26E7319827B7700FA2345 /* CoreLocation.framework in Frameworks */ = {isa = PBXBuildFile; fileRef = 48D26E7219827B7700FA2345 /* CoreLocation.framework */; };
/* End PBXBuildFile section */

/* Begin PBXContainerItemProxy section */
		48D26E631982771700FA2345 /* PBXContainerItemProxy */ = {
			isa = PBXContainerItemProxy;
			containerPortal = 48D26E481982771700FA2345 /* Project object */;
			proxyType = 1;
			remoteGlobalIDString = 48D26E4F1982771700FA2345;
			remoteInfo = WhemAmI;
		};
/* End PBXContainerItemProxy section */

/* Begin PBXFileReference section */
		48D26E501982771700FA2345 /* WhemAmI.app */ = {isa = PBXFileReference; explicitFileType = wrapper.application; includeInIndex = 0; path = WhemAmI.app; sourceTree = BUILT_PRODUCTS_DIR; };
		48D26E541982771700FA2345 /* Info.plist */ = {isa = PBXFileReference; lastKnownFileType = text.plist.xml; path = Info.plist; sourceTree = "<group>"; };
		48D26E551982771700FA2345 /* AppDelegate.swift */ = {isa = PBXFileReference; lastKnownFileType = sourcecode.swift; path = AppDelegate.swift; sourceTree = "<group>"; };
		48D26E571982771700FA2345 /* ViewController.swift */ = {isa = PBXFileReference; lastKnownFileType = sourcecode.swift; path = ViewController.swift; sourceTree = "<group>"; };
		48D26E5A1982771700FA2345 /* Base */ = {isa = PBXFileReference; lastKnownFileType = file.storyboard; name = Base; path = Base.lproj/Main.storyboard; sourceTree = "<group>"; };
		48D26E5C1982771700FA2345 /* Images.xcassets */ = {isa = PBXFileReference; lastKnownFileType = folder.assetcatalog; path = Images.xcassets; sourceTree = "<group>"; };
		48D26E621982771700FA2345 /* WhemAmITests.xctest */ = {isa = PBXFileReference; explicitFileType = wrapper.cfbundle; includeInIndex = 0; path = WhemAmITests.xctest; sourceTree = BUILT_PRODUCTS_DIR; };
		48D26E671982771700FA2345 /* Info.plist */ = {isa = PBXFileReference; lastKnownFileType = text.plist.xml; path = Info.plist; sourceTree = "<group>"; };
		48D26E681982771700FA2345 /* WhemAmITests.swift */ = {isa = PBXFileReference; lastKnownFileType = sourcecode.swift; path = WhemAmITests.swift; sourceTree = "<group>"; };
		48D26E7219827B7700FA2345 /* CoreLocation.framework */ = {isa = PBXFileReference; lastKnownFileType = wrapper.framework; name = CoreLocation.framework; path = System/Library/Frameworks/CoreLocation.framework; sourceTree = SDKROOT; };
/* End PBXFileReference section */

/* Begin PBXFrameworksBuildPhase section */
		48D26E4D1982771700FA2345 /* Frameworks */ = {
			isa = PBXFrameworksBuildPhase;
			buildActionMask = 2147483647;
			files = (
				48D26E7319827B7700FA2345 /* CoreLocation.framework in Frameworks */,
			);
			runOnlyForDeploymentPostprocessing = 0;
		};
		48D26E5F1982771700FA2345 /* Frameworks */ = {
			isa = PBXFrameworksBuildPhase;
			buildActionMask = 2147483647;
			files = (
			);
			runOnlyForDeploymentPostprocessing = 0;
		};
/* End PBXFrameworksBuildPhase section */

/* Begin PBXGroup section */
		48D26E471982771700FA2345 = {
			isa = PBXGroup;
			children = (
				48D26E521982771700FA2345 /* WhemAmI */,
				48D26E651982771700FA2345 /* WhemAmITests */,
				48D26E511982771700FA2345 /* Products */,
			);
			sourceTree = "<group>";
		};
		48D26E511982771700FA2345 /* Products */ = {
			isa = PBXGroup;
			children = (
				48D26E501982771700FA2345 /* WhemAmI.app */,
				48D26E621982771700FA2345 /* WhemAmITests.xctest */,
			);
			name = Products;
			sourceTree = "<group>";
		};
		48D26E521982771700FA2345 /* WhemAmI */ = {
			isa = PBXGroup;
			children = (
				48D26E551982771700FA2345 /* AppDelegate.swift */,
				48D26E571982771700FA2345 /* ViewController.swift */,
				48D26E591982771700FA2345 /* Main.storyboard */,
				48D26E5C1982771700FA2345 /* Images.xcassets */,
				48D26E531982771700FA2345 /* Supporting Files */,
			);
			path = WhemAmI;
			sourceTree = "<group>";
		};
		48D26E531982771700FA2345 /* Supporting Files */ = {
			isa = PBXGroup;
			children = (
				48D26E541982771700FA2345 /* Info.plist */,
				48D26E7219827B7700FA2345 /* CoreLocation.framework */,
			);
			name = "Supporting Files";
			sourceTree = "<group>";
		};
		48D26E651982771700FA2345 /* WhemAmITests */ = {
			isa = PBXGroup;
			children = (
				48D26E681982771700FA2345 /* WhemAmITests.swift */,
				48D26E661982771700FA2345 /* Supporting Files */,
			);
			path = WhemAmITests;
			sourceTree = "<group>";
		};
		48D26E661982771700FA2345 /* Supporting Files */ = {
			isa = PBXGroup;
			children = (
				48D26E671982771700FA2345 /* Info.plist */,
			);
			name = "Supporting Files";
			sourceTree = "<group>";
		};
/* End PBXGroup section */

/* Begin PBXNativeTarget section */
		48D26E4F1982771700FA2345 /* WhemAmI */ = {
			isa = PBXNativeTarget;
			buildConfigurationList = 48D26E6C1982771700FA2345 /* Build configuration list for PBXNativeTarget "WhemAmI" */;
			buildPhases = (
				48D26E4C1982771700FA2345 /* Sources */,
				48D26E4D1982771700FA2345 /* Frameworks */,
				48D26E4E1982771700FA2345 /* Resources */,
			);
			buildRules = (
			);
			dependencies = (
			);
			name = WhemAmI;
			productName = WhemAmI;
			productReference = 48D26E501982771700FA2345 /* WhemAmI.app */;
			productType = "com.apple.product-type.application";
		};
		48D26E611982771700FA2345 /* WhemAmITests */ = {
			isa = PBXNativeTarget;
			buildConfigurationList = 48D26E6F1982771700FA2345 /* Build configuration list for PBXNativeTarget "WhemAmITests" */;
			buildPhases = (
				48D26E5E1982771700FA2345 /* Sources */,
				48D26E5F1982771700FA2345 /* Frameworks */,
				48D26E601982771700FA2345 /* Resources */,
			);
			buildRules = (
			);
			dependencies = (
				48D26E641982771700FA2345 /* PBXTargetDependency */,
			);
			name = WhemAmITests;
			productName = WhemAmITests;
			productReference = 48D26E621982771700FA2345 /* WhemAmITests.xctest */;
			productType = "com.apple.product-type.bundle.unit-test";
		};
/* End PBXNativeTarget section */

/* Begin PBXProject section */
		48D26E481982771700FA2345 /* Project object */ = {
			isa = PBXProject;
			attributes = {
				LastUpgradeCheck = 1110;
				ORGANIZATIONNAME = "Ravi Shankar";
				TargetAttributes = {
					48D26E4F1982771700FA2345 = {
						CreatedOnToolsVersion = 6.0;
						LastSwiftMigration = 0830;
					};
					48D26E611982771700FA2345 = {
						CreatedOnToolsVersion = 6.0;
						LastSwiftMigration = 0830;
						TestTargetID = 48D26E4F1982771700FA2345;
					};
				};
			};
			buildConfigurationList = 48D26E4B1982771700FA2345 /* Build configuration list for PBXProject "WhemAmI" */;
			compatibilityVersion = "Xcode 3.2";
			developmentRegion = en;
			hasScannedForEncodings = 0;
			knownRegions = (
				en,
				Base,
			);
			mainGroup = 48D26E471982771700FA2345;
			productRefGroup = 48D26E511982771700FA2345 /* Products */;
			projectDirPath = "";
			projectRoot = "";
			targets = (
				48D26E4F1982771700FA2345 /* WhemAmI */,
				48D26E611982771700FA2345 /* WhemAmITests */,
			);
		};
/* End PBXProject section */

/* Begin PBXResourcesBuildPhase section */
		48D26E4E1982771700FA2345 /* Resources */ = {
			isa = PBXResourcesBuildPhase;
			buildActionMask = 2147483647;
			files = (
				48D26E5B1982771700FA2345 /* Main.storyboard in Resources */,
				48D26E5D1982771700FA2345 /* Images.xcassets in Resources */,
			);
			runOnlyForDeploymentPostprocessing = 0;
		};
		48D26E601982771700FA2345 /* Resources */ = {
			isa = PBXResourcesBuildPhase;
			buildActionMask = 2147483647;
			files = (
			);
			runOnlyForDeploymentPostprocessing = 0;
		};
/* End PBXResourcesBuildPhase section */

/* Begin PBXSourcesBuildPhase section */
		48D26E4C1982771700FA2345 /* Sources */ = {
			isa = PBXSourcesBuildPhase;
			buildActionMask = 2147483647;
			files = (
				48D26E581982771700FA2345 /* ViewController.swift in Sources */,
				48D26E561982771700FA2345 /* AppDelegate.swift in Sources */,
			);
			runOnlyForDeploymentPostprocessing = 0;
		};
		48D26E5E1982771700FA2345 /* Sources */ = {
			isa = PBXSourcesBuildPhase;
			buildActionMask = 2147483647;
			files = (
				48D26E691982771700FA2345 /* WhemAmITests.swift in Sources */,
			);
			runOnlyForDeploymentPostprocessing = 0;
		};
/* End PBXSourcesBuildPhase section */

/* Begin PBXTargetDependency section */
		48D26E641982771700FA2345 /* PBXTargetDependency */ = {
			isa = PBXTargetDependency;
			target = 48D26E4F1982771700FA2345 /* WhemAmI */;
			targetProxy = 48D26E631982771700FA2345 /* PBXContainerItemProxy */;
		};
/* End PBXTargetDependency section */

/* Begin PBXVariantGroup section */
		48D26E591982771700FA2345 /* Main.storyboard */ = {
			isa = PBXVariantGroup;
			children = (
				48D26E5A1982771700FA2345 /* Base */,
			);
			name = Main.storyboard;
			sourceTree = "<group>";
		};
/* End PBXVariantGroup section */

/* Begin XCBuildConfiguration section */
		48D26E6A1982771700FA2345 /* Debug */ = {
			isa = XCBuildConfiguration;
			buildSettings = {
				ALWAYS_SEARCH_USER_PATHS = NO;
				CLANG_ANALYZER_LOCALIZABILITY_NONLOCALIZED = YES;
				CLANG_CXX_LANGUAGE_STANDARD = "gnu++0x";
				CLANG_CXX_LIBRARY = "libc++";
				CLANG_ENABLE_MODULES = YES;
				CLANG_ENABLE_OBJC_ARC = YES;
				CLANG_WARN_BLOCK_CAPTURE_AUTORELEASING = YES;
				CLANG_WARN_BOOL_CONVERSION = YES;
				CLANG_WARN_COMMA = YES;
				CLANG_WARN_CONSTANT_CONVERSION = YES;
				CLANG_WARN_DEPRECATED_OBJC_IMPLEMENTATIONS = YES;
				CLANG_WARN_DIRECT_OBJC_ISA_USAGE = YES_ERROR;
				CLANG_WARN_EMPTY_BODY = YES;
				CLANG_WARN_ENUM_CONVERSION = YES;
				CLANG_WARN_INFINITE_RECURSION = YES;
				CLANG_WARN_INT_CONVERSION = YES;
				CLANG_WARN_NON_LITERAL_NULL_CONVERSION = YES;
				CLANG_WARN_OBJC_IMPLICIT_RETAIN_SELF = YES;
				CLANG_WARN_OBJC_LITERAL_CONVERSION = YES;
				CLANG_WARN_OBJC_ROOT_CLASS = YES_ERROR;
				CLANG_WARN_RANGE_LOOP_ANALYSIS = YES;
				CLANG_WARN_STRICT_PROTOTYPES = YES;
				CLANG_WARN_SUSPICIOUS_MOVE = YES;
				CLANG_WARN_UNREACHABLE_CODE = YES;
				CLANG_WARN__DUPLICATE_METHOD_MATCH = YES;
				"CODE_SIGN_IDENTITY[sdk=iphoneos*]" = "iPhone Developer";
				COPY_PHASE_STRIP = NO;
				ENABLE_STRICT_OBJC_MSGSEND = YES;
				ENABLE_TESTABILITY = YES;
				GCC_C_LANGUAGE_STANDARD = gnu99;
				GCC_DYNAMIC_NO_PIC = NO;
				GCC_NO_COMMON_BLOCKS = YES;
				GCC_OPTIMIZATION_LEVEL = 0;
				GCC_PREPROCESSOR_DEFINITIONS = (
					"DEBUG=1",
					"$(inherited)",
				);
				GCC_SYMBOLS_PRIVATE_EXTERN = NO;
				GCC_WARN_64_TO_32_BIT_CONVERSION = YES;
				GCC_WARN_ABOUT_RETURN_TYPE = YES_ERROR;
				GCC_WARN_UNDECLARED_SELECTOR = YES;
				GCC_WARN_UNINITIALIZED_AUTOS = YES_AGGRESSIVE;
				GCC_WARN_UNUSED_FUNCTION = YES;
				GCC_WARN_UNUSED_VARIABLE = YES;
				IPHONEOS_DEPLOYMENT_TARGET = 8.0;
				MTL_ENABLE_DEBUG_INFO = YES;
				ONLY_ACTIVE_ARCH = YES;
				SDKROOT = iphoneos;
				SWIFT_OPTIMIZATION_LEVEL = "-Onone";
			};
			name = Debug;
		};
		48D26E6B1982771700FA2345 /* Release */ = {
			isa = XCBuildConfiguration;
			buildSettings = {
				ALWAYS_SEARCH_USER_PATHS = NO;
				CLANG_ANALYZER_LOCALIZABILITY_NONLOCALIZED = YES;
				CLANG_CXX_LANGUAGE_STANDARD = "gnu++0x";
				CLANG_CXX_LIBRARY = "libc++";
				CLANG_ENABLE_MODULES = YES;
				CLANG_ENABLE_OBJC_ARC = YES;
				CLANG_WARN_BLOCK_CAPTURE_AUTORELEASING = YES;
				CLANG_WARN_BOOL_CONVERSION = YES;
				CLANG_WARN_COMMA = YES;
				CLANG_WARN_CONSTANT_CONVERSION = YES;
				CLANG_WARN_DEPRECATED_OBJC_IMPLEMENTATIONS = YES;
				CLANG_WARN_DIRECT_OBJC_ISA_USAGE = YES_ERROR;
				CLANG_WARN_EMPTY_BODY = YES;
				CLANG_WARN_ENUM_CONVERSION = YES;
				CLANG_WARN_INFINITE_RECURSION = YES;
				CLANG_WARN_INT_CONVERSION = YES;
				CLANG_WARN_NON_LITERAL_NULL_CONVERSION = YES;
				CLANG_WARN_OBJC_IMPLICIT_RETAIN_SELF = YES;
				CLANG_WARN_OBJC_LITERAL_CONVERSION = YES;
				CLANG_WARN_OBJC_ROOT_CLASS = YES_ERROR;
				CLANG_WARN_RANGE_LOOP_ANALYSIS = YES;
				CLANG_WARN_STRICT_PROTOTYPES = YES;
				CLANG_WARN_SUSPICIOUS_MOVE = YES;
				CLANG_WARN_UNREACHABLE_CODE = YES;
				CLANG_WARN__DUPLICATE_METHOD_MATCH = YES;
				"CODE_SIGN_IDENTITY[sdk=iphoneos*]" = "iPhone Developer";
				COPY_PHASE_STRIP = YES;
				ENABLE_NS_ASSERTIONS = NO;
				ENABLE_STRICT_OBJC_MSGSEND = YES;
				GCC_C_LANGUAGE_STANDARD = gnu99;
				GCC_NO_COMMON_BLOCKS = YES;
				GCC_WARN_64_TO_32_BIT_CONVERSION = YES;
				GCC_WARN_ABOUT_RETURN_TYPE = YES_ERROR;
				GCC_WARN_UNDECLARED_SELECTOR = YES;
				GCC_WARN_UNINITIALIZED_AUTOS = YES_AGGRESSIVE;
				GCC_WARN_UNUSED_FUNCTION = YES;
				GCC_WARN_UNUSED_VARIABLE = YES;
				IPHONEOS_DEPLOYMENT_TARGET = 8.0;
				MTL_ENABLE_DEBUG_INFO = NO;
				SDKROOT = iphoneos;
				SWIFT_COMPILATION_MODE = wholemodule;
				VALIDATE_PRODUCT = YES;
			};
			name = Release;
		};
		48D26E6D1982771700FA2345 /* Debug */ = {
			isa = XCBuildConfiguration;
			buildSettings = {
				ASSETCATALOG_COMPILER_APPICON_NAME = AppIcon;
				ASSETCATALOG_COMPILER_LAUNCHIMAGE_NAME = "";
				INFOPLIST_FILE = WhemAmI/Info.plist;
				LD_RUNPATH_SEARCH_PATHS = "$(inherited) @executable_path/Frameworks";
				PRODUCT_BUNDLE_IDENTIFIER = "com.rs.${PRODUCT_NAME:rfc1034identifier}";
				PRODUCT_NAME = "$(TARGET_NAME)";
				SWIFT_VERSION = 5.0;
			};
			name = Debug;
		};
		48D26E6E1982771700FA2345 /* Release */ = {
			isa = XCBuildConfiguration;
			buildSettings = {
				ASSETCATALOG_COMPILER_APPICON_NAME = AppIcon;
				ASSETCATALOG_COMPILER_LAUNCHIMAGE_NAME = "";
				INFOPLIST_FILE = WhemAmI/Info.plist;
				LD_RUNPATH_SEARCH_PATHS = "$(inherited) @executable_path/Frameworks";
				PRODUCT_BUNDLE_IDENTIFIER = "com.rs.${PRODUCT_NAME:rfc1034identifier}";
				PRODUCT_NAME = "$(TARGET_NAME)";
				SWIFT_VERSION = 5.0;
			};
			name = Release;
		};
		48D26E701982771700FA2345 /* Debug */ = {
			isa = XCBuildConfiguration;
			buildSettings = {
				BUNDLE_LOADER = "$(BUILT_PRODUCTS_DIR)/WhemAmI.app/WhemAmI";
				FRAMEWORK_SEARCH_PATHS = (
					"$(SDKROOT)/Developer/Library/Frameworks",
					"$(inherited)",
				);
				GCC_PREPROCESSOR_DEFINITIONS = (
					"DEBUG=1",
					"$(inherited)",
				);
				INFOPLIST_FILE = WhemAmITests/Info.plist;
				LD_RUNPATH_SEARCH_PATHS = "$(inherited) @executable_path/Frameworks @loader_path/Frameworks";
				PRODUCT_BUNDLE_IDENTIFIER = "com.rs..${PRODUCT_NAME:rfc1034identifier}";
				PRODUCT_NAME = "$(TARGET_NAME)";
				SWIFT_VERSION = 3.0;
				TEST_HOST = "$(BUNDLE_LOADER)";
			};
			name = Debug;
		};
		48D26E711982771700FA2345 /* Release */ = {
			isa = XCBuildConfiguration;
			buildSettings = {
				BUNDLE_LOADER = "$(BUILT_PRODUCTS_DIR)/WhemAmI.app/WhemAmI";
				FRAMEWORK_SEARCH_PATHS = (
					"$(SDKROOT)/Developer/Library/Frameworks",
					"$(inherited)",
				);
				INFOPLIST_FILE = WhemAmITests/Info.plist;
				LD_RUNPATH_SEARCH_PATHS = "$(inherited) @executable_path/Frameworks @loader_path/Frameworks";
				PRODUCT_BUNDLE_IDENTIFIER = "com.rs..${PRODUCT_NAME:rfc1034identifier}";
				PRODUCT_NAME = "$(TARGET_NAME)";
				SWIFT_VERSION = 3.0;
				TEST_HOST = "$(BUNDLE_LOADER)";
			};
			name = Release;
		};
/* End XCBuildConfiguration section */

/* Begin XCConfigurationList section */
		48D26E4B1982771700FA2345 /* Build configuration list for PBXProject "WhemAmI" */ = {
			isa = XCConfigurationList;
			buildConfigurations = (
				48D26E6A1982771700FA2345 /* Debug */,
				48D26E6B1982771700FA2345 /* Release */,
			);
			defaultConfigurationIsVisible = 0;
			defaultConfigurationName = Release;
		};
		48D26E6C1982771700FA2345 /* Build configuration list for PBXNativeTarget "WhemAmI" */ = {
			isa = XCConfigurationList;
			buildConfigurations = (
				48D26E6D1982771700FA2345 /* Debug */,
				48D26E6E1982771700FA2345 /* Release */,
			);
			defaultConfigurationIsVisible = 0;
			defaultConfigurationName = Release;
		};
		48D26E6F1982771700FA2345 /* Build configuration list for PBXNativeTarget "WhemAmITests" */ = {
			isa = XCConfigurationList;
			buildConfigurations = (
				48D26E701982771700FA2345 /* Debug */,
				48D26E711982771700FA2345 /* Release */,
			);
			defaultConfigurationIsVisible = 0;
			defaultConfigurationName = Release;
		};
/* End XCConfigurationList section */
	};
	rootObject = 48D26E481982771700FA2345 /* Project object */;
}
